
Microsoft Visual Studio Solution File, Format Version 12.00
# Visual Studio Version 17
VisualStudioVersion = 17.4.33122.133
MinimumVisualStudioVersion = 10.0.40219.1
Project("{FAE04EC0-301F-11D3-BF4B-00C04F79EFBC}") = "MvcPruebaExamen", "MvcPruebaExamen\MvcPruebaExamen.csproj", "{129AAC2F-D0CD-4A54-9758-04E97AE8EC0F}"
EndProject
Global
	GlobalSection(SolutionConfigurationPlatforms) = preSolution
		Debug|Any CPU = Debug|Any CPU
		Release|Any CPU = Release|Any CPU
	EndGlobalSection
	GlobalSection(ProjectConfigurationPlatforms) = postSolution
		{129AAC2F-D0CD-4A54-9758-04E97AE8EC0F}.Debug|Any CPU.ActiveCfg = Debug|Any CPU
		{129AAC2F-D0CD-4A54-9758-04E97AE8EC0F}.Debug|Any CPU.Build.0 = Debug|Any CPU
		{129AAC2F-D0CD-4A54-9758-04E97AE8EC0F}.Release|Any CPU.ActiveCfg = Release|Any CPU
		{129AAC2F-D0CD-4A54-9758-04E97AE8EC0F}.Release|Any CPU.Build.0 = Release|Any CPU
	EndGlobalSection
	GlobalSection(SolutionProperties) = preSolution
		HideSolutionNode = FALSE
	EndGlobalSection
	GlobalSection(ExtensibilityGlobals) = postSolution
		SolutionGuid = {F79EF882-0AFF-4CC7-A283-7145F1B4CF08}
	EndGlobalSection
EndGlobal
